
Microsoft Visual Studio Solution File, Format Version 12.00
# Visual Studio 15
VisualStudioVersion = 15.0.28010.2003
MinimumVisualStudioVersion = 10.0.40219.1
Project("{FAE04EC0-301F-11D3-BF4B-00C04F79EFBC}") = "GeoLib.Core", "GeoLib.Core\GeoLib.Core.csproj", "{768E9FA0-6E24-4104-8A7E-B259CA82043A}"
EndProject
Project("{FAE04EC0-301F-11D3-BF4B-00C04F79EFBC}") = "GeoLib.Data", "GeoLib.Data\GeoLib.Data.csproj", "{8D22C1D6-DE56-4AEF-84AE-4396CE07A761}"
EndProject
Global
	GlobalSection(SolutionConfigurationPlatforms) = preSolution
		Debug|Any CPU = Debug|Any CPU
		Release|Any CPU = Release|Any CPU
	EndGlobalSection
	GlobalSection(ProjectConfigurationPlatforms) = postSolution
		{768E9FA0-6E24-4104-8A7E-B259CA82043A}.Debug|Any CPU.ActiveCfg = Debug|Any CPU
		{768E9FA0-6E24-4104-8A7E-B259CA82043A}.Debug|Any CPU.Build.0 = Debug|Any CPU
		{768E9FA0-6E24-4104-8A7E-B259CA82043A}.Release|Any CPU.ActiveCfg = Release|Any CPU
		{768E9FA0-6E24-4104-8A7E-B259CA82043A}.Release|Any CPU.Build.0 = Release|Any CPU
		{8D22C1D6-DE56-4AEF-84AE-4396CE07A761}.Debug|Any CPU.ActiveCfg = Debug|Any CPU
		{8D22C1D6-DE56-4AEF-84AE-4396CE07A761}.Debug|Any CPU.Build.0 = Debug|Any CPU
		{8D22C1D6-DE56-4AEF-84AE-4396CE07A761}.Release|Any CPU.ActiveCfg = Release|Any CPU
		{8D22C1D6-DE56-4AEF-84AE-4396CE07A761}.Release|Any CPU.Build.0 = Release|Any CPU
	EndGlobalSection
	GlobalSection(SolutionProperties) = preSolution
		HideSolutionNode = FALSE
	EndGlobalSection
	GlobalSection(ExtensibilityGlobals) = postSolution
		SolutionGuid = {CF36EECC-74BB-4574-B033-BBF8E28746B1}
	EndGlobalSection
EndGlobal
