
Microsoft Visual Studio Solution File, Format Version 12.00
# Visual Studio 15
VisualStudioVersion = 15.0.28010.2003
MinimumVisualStudioVersion = 10.0.40219.1
Project("{FAE04EC0-301F-11D3-BF4B-00C04F79EFBC}") = "GeoLib.Core", "GeoLib.Core\GeoLib.Core.csproj", "{768E9FA0-6E24-4104-8A7E-B259CA82043A}"
EndProject
Project("{FAE04EC0-301F-11D3-BF4B-00C04F79EFBC}") = "GeoLib.Data", "GeoLib.Data\GeoLib.Data.csproj", "{8D22C1D6-DE56-4AEF-84AE-4396CE07A761}"
EndProject
Project("{FAE04EC0-301F-11D3-BF4B-00C04F79EFBC}") = "GeoLib.Contracts", "GeoLib.Contracts\GeoLib.Contracts.csproj", "{8509EE19-57B8-4A86-AD32-8072165B33BF}"
EndProject
Project("{FAE04EC0-301F-11D3-BF4B-00C04F79EFBC}") = "GeoLib.Services", "GeoLib.Services\GeoLib.Services.csproj", "{2D12190D-7987-46B1-A191-5D8504629FB9}"
EndProject
Project("{FAE04EC0-301F-11D3-BF4B-00C04F79EFBC}") = "GeoLib.Tests", "GeoLib.Tests\GeoLib.Tests.csproj", "{773B9ACF-DB28-4863-A579-405A82200654}"
EndProject
Project("{2150E333-8FDC-42A3-9474-1A3956D46DE8}") = "Hosts", "Hosts", "{3808D3D9-F128-425D-9053-B67FFB680856}"
EndProject
Project("{FAE04EC0-301F-11D3-BF4B-00C04F79EFBC}") = "GeoLib.ConsoleHost", "GeoLib.ConsoleHost\GeoLib.ConsoleHost.csproj", "{0B94E02C-016A-4671-9B3E-9C669FAA519F}"
EndProject
Project("{2150E333-8FDC-42A3-9474-1A3956D46DE8}") = "DataAccess", "DataAccess", "{6E878456-A2EC-415E-AD01-1D08B2A3BDAB}"
EndProject
Project("{2150E333-8FDC-42A3-9474-1A3956D46DE8}") = "Services", "Services", "{27DEDB78-4966-448E-B7AA-C40CCD29870A}"
EndProject
Project("{2150E333-8FDC-42A3-9474-1A3956D46DE8}") = "Tests", "Tests", "{353117AA-3DFB-4F61-BA7F-42441945EC24}"
EndProject
Project("{2150E333-8FDC-42A3-9474-1A3956D46DE8}") = "Clients", "Clients", "{7CB814E0-DF13-4FEF-A9C7-BD7A453D48E5}"
EndProject
Project("{FAE04EC0-301F-11D3-BF4B-00C04F79EFBC}") = "GeoLib.DataAccess.UI", "GeoLib.DataAccess.UI\GeoLib.DataAccess.UI.csproj", "{36F13382-AF87-461A-9EFC-F8CA4C8943CD}"
EndProject
Project("{FAE04EC0-301F-11D3-BF4B-00C04F79EFBC}") = "GeoLib.Proxy", "GeoLib.Proxy\GeoLib.Proxy.csproj", "{F34BCCC9-2AA9-4149-8847-33A64BB2F266}"
EndProject
Project("{FAE04EC0-301F-11D3-BF4B-00C04F79EFBC}") = "GeoLib.Client", "GeoLib.Client\GeoLib.Client.csproj", "{0C14DEE0-4F3C-4F38-8C0F-A6BDDC27A2C4}"
EndProject
Project("{FAE04EC0-301F-11D3-BF4B-00C04F79EFBC}") = "GeoLib.WpfHost", "GeoLib.WpfHost\GeoLib.WpfHost.csproj", "{ACDED3EB-C671-41D1-A6B3-AB5DDF05DF8D}"
EndProject
Project("{FAE04EC0-301F-11D3-BF4B-00C04F79EFBC}") = "GeoLib.TopShelf.WcfWindowsServiceHost", "GeoLib.TopShelf.WcfWindowsServiceHost\GeoLib.TopShelf.WcfWindowsServiceHost.csproj", "{EBAE0FE5-BC36-4FC5-A48D-9D3DB5FAA1CF}"
EndProject
Project("{FAE04EC0-301F-11D3-BF4B-00C04F79EFBC}") = "GeoLib.WcfServiceLibrary", "GeoLib.WcfServiceLibrary\GeoLib.WcfServiceLibrary.csproj", "{16788939-9C60-4645-AA61-419EA0CC02A8}"
EndProject
Project("{FAE04EC0-301F-11D3-BF4B-00C04F79EFBC}") = "GeoLib.IISHost", "GeoLib.IISHost\GeoLib.IISHost.csproj", "{DFA69CB5-A617-44AE-879B-20B4F82BE95A}"
EndProject
Project("{2150E333-8FDC-42A3-9474-1A3956D46DE8}") = "Databases", "Databases", "{AD27066D-4799-4ED6-BFE7-F2489BFE853F}"
EndProject
Global
	GlobalSection(SolutionConfigurationPlatforms) = preSolution
		Debug|Any CPU = Debug|Any CPU
		Release|Any CPU = Release|Any CPU
	EndGlobalSection
	GlobalSection(ProjectConfigurationPlatforms) = postSolution
		{768E9FA0-6E24-4104-8A7E-B259CA82043A}.Debug|Any CPU.ActiveCfg = Debug|Any CPU
		{768E9FA0-6E24-4104-8A7E-B259CA82043A}.Debug|Any CPU.Build.0 = Debug|Any CPU
		{768E9FA0-6E24-4104-8A7E-B259CA82043A}.Release|Any CPU.ActiveCfg = Release|Any CPU
		{768E9FA0-6E24-4104-8A7E-B259CA82043A}.Release|Any CPU.Build.0 = Release|Any CPU
		{8D22C1D6-DE56-4AEF-84AE-4396CE07A761}.Debug|Any CPU.ActiveCfg = Debug|Any CPU
		{8D22C1D6-DE56-4AEF-84AE-4396CE07A761}.Debug|Any CPU.Build.0 = Debug|Any CPU
		{8D22C1D6-DE56-4AEF-84AE-4396CE07A761}.Release|Any CPU.ActiveCfg = Release|Any CPU
		{8D22C1D6-DE56-4AEF-84AE-4396CE07A761}.Release|Any CPU.Build.0 = Release|Any CPU
		{8509EE19-57B8-4A86-AD32-8072165B33BF}.Debug|Any CPU.ActiveCfg = Debug|Any CPU
		{8509EE19-57B8-4A86-AD32-8072165B33BF}.Debug|Any CPU.Build.0 = Debug|Any CPU
		{8509EE19-57B8-4A86-AD32-8072165B33BF}.Release|Any CPU.ActiveCfg = Release|Any CPU
		{8509EE19-57B8-4A86-AD32-8072165B33BF}.Release|Any CPU.Build.0 = Release|Any CPU
		{2D12190D-7987-46B1-A191-5D8504629FB9}.Debug|Any CPU.ActiveCfg = Debug|Any CPU
		{2D12190D-7987-46B1-A191-5D8504629FB9}.Debug|Any CPU.Build.0 = Debug|Any CPU
		{2D12190D-7987-46B1-A191-5D8504629FB9}.Release|Any CPU.ActiveCfg = Release|Any CPU
		{2D12190D-7987-46B1-A191-5D8504629FB9}.Release|Any CPU.Build.0 = Release|Any CPU
		{773B9ACF-DB28-4863-A579-405A82200654}.Debug|Any CPU.ActiveCfg = Debug|Any CPU
		{773B9ACF-DB28-4863-A579-405A82200654}.Debug|Any CPU.Build.0 = Debug|Any CPU
		{773B9ACF-DB28-4863-A579-405A82200654}.Release|Any CPU.ActiveCfg = Release|Any CPU
		{773B9ACF-DB28-4863-A579-405A82200654}.Release|Any CPU.Build.0 = Release|Any CPU
		{0B94E02C-016A-4671-9B3E-9C669FAA519F}.Debug|Any CPU.ActiveCfg = Debug|Any CPU
		{0B94E02C-016A-4671-9B3E-9C669FAA519F}.Debug|Any CPU.Build.0 = Debug|Any CPU
		{0B94E02C-016A-4671-9B3E-9C669FAA519F}.Release|Any CPU.ActiveCfg = Release|Any CPU
		{0B94E02C-016A-4671-9B3E-9C669FAA519F}.Release|Any CPU.Build.0 = Release|Any CPU
		{36F13382-AF87-461A-9EFC-F8CA4C8943CD}.Debug|Any CPU.ActiveCfg = Debug|Any CPU
		{36F13382-AF87-461A-9EFC-F8CA4C8943CD}.Debug|Any CPU.Build.0 = Debug|Any CPU
		{36F13382-AF87-461A-9EFC-F8CA4C8943CD}.Release|Any CPU.ActiveCfg = Release|Any CPU
		{36F13382-AF87-461A-9EFC-F8CA4C8943CD}.Release|Any CPU.Build.0 = Release|Any CPU
		{F34BCCC9-2AA9-4149-8847-33A64BB2F266}.Debug|Any CPU.ActiveCfg = Debug|Any CPU
		{F34BCCC9-2AA9-4149-8847-33A64BB2F266}.Debug|Any CPU.Build.0 = Debug|Any CPU
		{F34BCCC9-2AA9-4149-8847-33A64BB2F266}.Release|Any CPU.ActiveCfg = Release|Any CPU
		{F34BCCC9-2AA9-4149-8847-33A64BB2F266}.Release|Any CPU.Build.0 = Release|Any CPU
		{0C14DEE0-4F3C-4F38-8C0F-A6BDDC27A2C4}.Debug|Any CPU.ActiveCfg = Debug|Any CPU
		{0C14DEE0-4F3C-4F38-8C0F-A6BDDC27A2C4}.Debug|Any CPU.Build.0 = Debug|Any CPU
		{0C14DEE0-4F3C-4F38-8C0F-A6BDDC27A2C4}.Release|Any CPU.ActiveCfg = Release|Any CPU
		{0C14DEE0-4F3C-4F38-8C0F-A6BDDC27A2C4}.Release|Any CPU.Build.0 = Release|Any CPU
		{ACDED3EB-C671-41D1-A6B3-AB5DDF05DF8D}.Debug|Any CPU.ActiveCfg = Debug|Any CPU
		{ACDED3EB-C671-41D1-A6B3-AB5DDF05DF8D}.Debug|Any CPU.Build.0 = Debug|Any CPU
		{ACDED3EB-C671-41D1-A6B3-AB5DDF05DF8D}.Release|Any CPU.ActiveCfg = Release|Any CPU
		{ACDED3EB-C671-41D1-A6B3-AB5DDF05DF8D}.Release|Any CPU.Build.0 = Release|Any CPU
		{EBAE0FE5-BC36-4FC5-A48D-9D3DB5FAA1CF}.Debug|Any CPU.ActiveCfg = Debug|Any CPU
		{EBAE0FE5-BC36-4FC5-A48D-9D3DB5FAA1CF}.Debug|Any CPU.Build.0 = Debug|Any CPU
		{EBAE0FE5-BC36-4FC5-A48D-9D3DB5FAA1CF}.Release|Any CPU.ActiveCfg = Release|Any CPU
		{EBAE0FE5-BC36-4FC5-A48D-9D3DB5FAA1CF}.Release|Any CPU.Build.0 = Release|Any CPU
		{16788939-9C60-4645-AA61-419EA0CC02A8}.Debug|Any CPU.ActiveCfg = Debug|Any CPU
		{16788939-9C60-4645-AA61-419EA0CC02A8}.Debug|Any CPU.Build.0 = Debug|Any CPU
		{16788939-9C60-4645-AA61-419EA0CC02A8}.Release|Any CPU.ActiveCfg = Release|Any CPU
		{16788939-9C60-4645-AA61-419EA0CC02A8}.Release|Any CPU.Build.0 = Release|Any CPU
		{DFA69CB5-A617-44AE-879B-20B4F82BE95A}.Debug|Any CPU.ActiveCfg = Debug|Any CPU
		{DFA69CB5-A617-44AE-879B-20B4F82BE95A}.Debug|Any CPU.Build.0 = Debug|Any CPU
		{DFA69CB5-A617-44AE-879B-20B4F82BE95A}.Release|Any CPU.ActiveCfg = Release|Any CPU
		{DFA69CB5-A617-44AE-879B-20B4F82BE95A}.Release|Any CPU.Build.0 = Release|Any CPU
	EndGlobalSection
	GlobalSection(SolutionProperties) = preSolution
		HideSolutionNode = FALSE
	EndGlobalSection
	GlobalSection(NestedProjects) = preSolution
		{768E9FA0-6E24-4104-8A7E-B259CA82043A} = {6E878456-A2EC-415E-AD01-1D08B2A3BDAB}
		{8D22C1D6-DE56-4AEF-84AE-4396CE07A761} = {6E878456-A2EC-415E-AD01-1D08B2A3BDAB}
		{8509EE19-57B8-4A86-AD32-8072165B33BF} = {27DEDB78-4966-448E-B7AA-C40CCD29870A}
		{2D12190D-7987-46B1-A191-5D8504629FB9} = {27DEDB78-4966-448E-B7AA-C40CCD29870A}
		{773B9ACF-DB28-4863-A579-405A82200654} = {353117AA-3DFB-4F61-BA7F-42441945EC24}
		{0B94E02C-016A-4671-9B3E-9C669FAA519F} = {3808D3D9-F128-425D-9053-B67FFB680856}
		{36F13382-AF87-461A-9EFC-F8CA4C8943CD} = {353117AA-3DFB-4F61-BA7F-42441945EC24}
		{F34BCCC9-2AA9-4149-8847-33A64BB2F266} = {27DEDB78-4966-448E-B7AA-C40CCD29870A}
		{0C14DEE0-4F3C-4F38-8C0F-A6BDDC27A2C4} = {7CB814E0-DF13-4FEF-A9C7-BD7A453D48E5}
		{ACDED3EB-C671-41D1-A6B3-AB5DDF05DF8D} = {3808D3D9-F128-425D-9053-B67FFB680856}
		{EBAE0FE5-BC36-4FC5-A48D-9D3DB5FAA1CF} = {3808D3D9-F128-425D-9053-B67FFB680856}
		{16788939-9C60-4645-AA61-419EA0CC02A8} = {3808D3D9-F128-425D-9053-B67FFB680856}
		{DFA69CB5-A617-44AE-879B-20B4F82BE95A} = {3808D3D9-F128-425D-9053-B67FFB680856}
	EndGlobalSection
	GlobalSection(ExtensibilityGlobals) = postSolution
		SolutionGuid = {CF36EECC-74BB-4574-B033-BBF8E28746B1}
	EndGlobalSection
EndGlobal
